// !$*UTF8*$!
{
	archiveVersion = 1;
	classes = {
	};
	objectVersion = 56;
	objects = {

/* Begin PBXBuildFile section */
		AEA89A832B40C349006C156E /* CreateNewDreamViewController.swift in Sources */ = {isa = PBXBuildFile; fileRef = AEA89A822B40C349006C156E /* CreateNewDreamViewController.swift */; };
		AEA89A852B40C87E006C156E /* AlarmViewController.swift in Sources */ = {isa = PBXBuildFile; fileRef = AEA89A842B40C87E006C156E /* AlarmViewController.swift */; };
		AEA89A872B40E653006C156E /* DreamJournalViewController.swift in Sources */ = {isa = PBXBuildFile; fileRef = AEA89A862B40E653006C156E /* DreamJournalViewController.swift */; };
		AEA89A892B43F265006C156E /* SettingsViewController.swift in Sources */ = {isa = PBXBuildFile; fileRef = AEA89A882B43F265006C156E /* SettingsViewController.swift */; };
		AEA89A8D2B43F7A4006C156E /* TabBarController.swift in Sources */ = {isa = PBXBuildFile; fileRef = AEA89A8C2B43F7A4006C156E /* TabBarController.swift */; };
		AEA89A8F2B44CDE7006C156E /* FirebaseAnalytics in Frameworks */ = {isa = PBXBuildFile; productRef = AEA89A8E2B44CDE7006C156E /* FirebaseAnalytics */; };
		AEA89A912B44CDE7006C156E /* FirebaseAnalyticsOnDeviceConversion in Frameworks */ = {isa = PBXBuildFile; productRef = AEA89A902B44CDE7006C156E /* FirebaseAnalyticsOnDeviceConversion */; };
		AEA89A932B44CDE7006C156E /* FirebaseAnalyticsSwift in Frameworks */ = {isa = PBXBuildFile; productRef = AEA89A922B44CDE7006C156E /* FirebaseAnalyticsSwift */; };
		AEA89A952B44CDE7006C156E /* FirebaseAnalyticsWithoutAdIdSupport in Frameworks */ = {isa = PBXBuildFile; productRef = AEA89A942B44CDE7006C156E /* FirebaseAnalyticsWithoutAdIdSupport */; };
		AEA89A972B44CDE7006C156E /* FirebaseAppCheck in Frameworks */ = {isa = PBXBuildFile; productRef = AEA89A962B44CDE7006C156E /* FirebaseAppCheck */; };
		AEA89A992B44CDE7006C156E /* FirebaseAppDistribution-Beta in Frameworks */ = {isa = PBXBuildFile; productRef = AEA89A982B44CDE7006C156E /* FirebaseAppDistribution-Beta */; };
		AEA89A9B2B44CDE7006C156E /* FirebaseAuthCombine-Community in Frameworks */ = {isa = PBXBuildFile; productRef = AEA89A9A2B44CDE7006C156E /* FirebaseAuthCombine-Community */; };
		AEA89A9D2B44CDE7006C156E /* FirebaseCrashlytics in Frameworks */ = {isa = PBXBuildFile; productRef = AEA89A9C2B44CDE7006C156E /* FirebaseCrashlytics */; };
		AEA89A9F2B44CDE7006C156E /* FirebaseDatabaseSwift in Frameworks */ = {isa = PBXBuildFile; productRef = AEA89A9E2B44CDE7006C156E /* FirebaseDatabaseSwift */; };
		AEA89AA12B44CDE7006C156E /* FirebaseDynamicLinks in Frameworks */ = {isa = PBXBuildFile; productRef = AEA89AA02B44CDE7006C156E /* FirebaseDynamicLinks */; };
		AEFC48702B28F18100F6131A /* AppDelegate.swift in Sources */ = {isa = PBXBuildFile; fileRef = AEFC486F2B28F18100F6131A /* AppDelegate.swift */; };
		AEFC48722B28F18100F6131A /* SceneDelegate.swift in Sources */ = {isa = PBXBuildFile; fileRef = AEFC48712B28F18100F6131A /* SceneDelegate.swift */; };
		AEFC48742B28F18100F6131A /* ViewController.swift in Sources */ = {isa = PBXBuildFile; fileRef = AEFC48732B28F18100F6131A /* ViewController.swift */; };
		AEFC48772B28F18100F6131A /* Main.storyboard in Resources */ = {isa = PBXBuildFile; fileRef = AEFC48752B28F18100F6131A /* Main.storyboard */; };
		AEFC48792B28F18200F6131A /* Assets.xcassets in Resources */ = {isa = PBXBuildFile; fileRef = AEFC48782B28F18200F6131A /* Assets.xcassets */; };
		AEFC487C2B28F18200F6131A /* LaunchScreen.storyboard in Resources */ = {isa = PBXBuildFile; fileRef = AEFC487A2B28F18200F6131A /* LaunchScreen.storyboard */; };
		AEFC48872B28F18200F6131A /* Dream_AppTests.swift in Sources */ = {isa = PBXBuildFile; fileRef = AEFC48862B28F18200F6131A /* Dream_AppTests.swift */; };
		AEFC48912B28F18200F6131A /* Dream_AppUITests.swift in Sources */ = {isa = PBXBuildFile; fileRef = AEFC48902B28F18200F6131A /* Dream_AppUITests.swift */; };
		AEFC48932B28F18200F6131A /* Dream_AppUITestsLaunchTests.swift in Sources */ = {isa = PBXBuildFile; fileRef = AEFC48922B28F18200F6131A /* Dream_AppUITestsLaunchTests.swift */; };
		AEFC48A22B28F6FB00F6131A /* LoginViewController.swift in Sources */ = {isa = PBXBuildFile; fileRef = AEFC48A12B28F6FB00F6131A /* LoginViewController.swift */; };
		AEFC48A42B28FC7E00F6131A /* CreateAccountViewController.swift in Sources */ = {isa = PBXBuildFile; fileRef = AEFC48A32B28FC7E00F6131A /* CreateAccountViewController.swift */; };
		AEFC48A72B292F4D00F6131A /* FirebaseAuth in Frameworks */ = {isa = PBXBuildFile; productRef = AEFC48A62B292F4D00F6131A /* FirebaseAuth */; };
		AEFC48A92B292F4D00F6131A /* FirebaseDatabase in Frameworks */ = {isa = PBXBuildFile; productRef = AEFC48A82B292F4D00F6131A /* FirebaseDatabase */; };
		AEFC48AB2B292F4D00F6131A /* FirebaseFirestore in Frameworks */ = {isa = PBXBuildFile; productRef = AEFC48AA2B292F4D00F6131A /* FirebaseFirestore */; };
		AEFC48AD2B292F4D00F6131A /* FirebaseStorage in Frameworks */ = {isa = PBXBuildFile; productRef = AEFC48AC2B292F4D00F6131A /* FirebaseStorage */; };
		AEFC48B12B2A2F8300F6131A /* GoogleService-Info.plist in Resources */ = {isa = PBXBuildFile; fileRef = AEFC48B02B2A2F8300F6131A /* GoogleService-Info.plist */; };
		AEFC48B42B2A326A00F6131A /* GoogleSignIn in Frameworks */ = {isa = PBXBuildFile; productRef = AEFC48B32B2A326A00F6131A /* GoogleSignIn */; };
		AEFC48B62B2A326A00F6131A /* GoogleSignInSwift in Frameworks */ = {isa = PBXBuildFile; productRef = AEFC48B52B2A326A00F6131A /* GoogleSignInSwift */; };
		AEFC48B82B2A4A7100F6131A /* LoginWithGoogle.swift in Sources */ = {isa = PBXBuildFile; fileRef = AEFC48B72B2A4A7100F6131A /* LoginWithGoogle.swift */; };
/* End PBXBuildFile section */

/* Begin PBXContainerItemProxy section */
		AEFC48832B28F18200F6131A /* PBXContainerItemProxy */ = {
			isa = PBXContainerItemProxy;
			containerPortal = AEFC48642B28F18100F6131A /* Project object */;
			proxyType = 1;
			remoteGlobalIDString = AEFC486B2B28F18100F6131A;
			remoteInfo = "Dream App";
		};
		AEFC488D2B28F18200F6131A /* PBXContainerItemProxy */ = {
			isa = PBXContainerItemProxy;
			containerPortal = AEFC48642B28F18100F6131A /* Project object */;
			proxyType = 1;
			remoteGlobalIDString = AEFC486B2B28F18100F6131A;
			remoteInfo = "Dream App";
		};
/* End PBXContainerItemProxy section */

/* Begin PBXFileReference section */
		AEA89A822B40C349006C156E /* CreateNewDreamViewController.swift */ = {isa = PBXFileReference; lastKnownFileType = sourcecode.swift; path = CreateNewDreamViewController.swift; sourceTree = "<group>"; };
		AEA89A842B40C87E006C156E /* AlarmViewController.swift */ = {isa = PBXFileReference; lastKnownFileType = sourcecode.swift; path = AlarmViewController.swift; sourceTree = "<group>"; };
		AEA89A862B40E653006C156E /* DreamJournalViewController.swift */ = {isa = PBXFileReference; lastKnownFileType = sourcecode.swift; path = DreamJournalViewController.swift; sourceTree = "<group>"; };
		AEA89A882B43F265006C156E /* SettingsViewController.swift */ = {isa = PBXFileReference; lastKnownFileType = sourcecode.swift; path = SettingsViewController.swift; sourceTree = "<group>"; };
		AEA89A8C2B43F7A4006C156E /* TabBarController.swift */ = {isa = PBXFileReference; lastKnownFileType = sourcecode.swift; path = TabBarController.swift; sourceTree = "<group>"; };
		AEFC486C2B28F18100F6131A /* Dream App.app */ = {isa = PBXFileReference; explicitFileType = wrapper.application; includeInIndex = 0; path = "Dream App.app"; sourceTree = BUILT_PRODUCTS_DIR; };
		AEFC486F2B28F18100F6131A /* AppDelegate.swift */ = {isa = PBXFileReference; lastKnownFileType = sourcecode.swift; path = AppDelegate.swift; sourceTree = "<group>"; };
		AEFC48712B28F18100F6131A /* SceneDelegate.swift */ = {isa = PBXFileReference; lastKnownFileType = sourcecode.swift; path = SceneDelegate.swift; sourceTree = "<group>"; };
		AEFC48732B28F18100F6131A /* ViewController.swift */ = {isa = PBXFileReference; lastKnownFileType = sourcecode.swift; path = ViewController.swift; sourceTree = "<group>"; };
		AEFC48762B28F18100F6131A /* Base */ = {isa = PBXFileReference; lastKnownFileType = file.storyboard; name = Base; path = Base.lproj/Main.storyboard; sourceTree = "<group>"; };
		AEFC48782B28F18200F6131A /* Assets.xcassets */ = {isa = PBXFileReference; lastKnownFileType = folder.assetcatalog; path = Assets.xcassets; sourceTree = "<group>"; };
		AEFC487B2B28F18200F6131A /* Base */ = {isa = PBXFileReference; lastKnownFileType = file.storyboard; name = Base; path = Base.lproj/LaunchScreen.storyboard; sourceTree = "<group>"; };
		AEFC487D2B28F18200F6131A /* Info.plist */ = {isa = PBXFileReference; lastKnownFileType = text.plist.xml; path = Info.plist; sourceTree = "<group>"; };
		AEFC48822B28F18200F6131A /* Dream AppTests.xctest */ = {isa = PBXFileReference; explicitFileType = wrapper.cfbundle; includeInIndex = 0; path = "Dream AppTests.xctest"; sourceTree = BUILT_PRODUCTS_DIR; };
		AEFC48862B28F18200F6131A /* Dream_AppTests.swift */ = {isa = PBXFileReference; lastKnownFileType = sourcecode.swift; path = Dream_AppTests.swift; sourceTree = "<group>"; };
		AEFC488C2B28F18200F6131A /* Dream AppUITests.xctest */ = {isa = PBXFileReference; explicitFileType = wrapper.cfbundle; includeInIndex = 0; path = "Dream AppUITests.xctest"; sourceTree = BUILT_PRODUCTS_DIR; };
		AEFC48902B28F18200F6131A /* Dream_AppUITests.swift */ = {isa = PBXFileReference; lastKnownFileType = sourcecode.swift; path = Dream_AppUITests.swift; sourceTree = "<group>"; };
		AEFC48922B28F18200F6131A /* Dream_AppUITestsLaunchTests.swift */ = {isa = PBXFileReference; lastKnownFileType = sourcecode.swift; path = Dream_AppUITestsLaunchTests.swift; sourceTree = "<group>"; };
		AEFC48A12B28F6FB00F6131A /* LoginViewController.swift */ = {isa = PBXFileReference; lastKnownFileType = sourcecode.swift; path = LoginViewController.swift; sourceTree = "<group>"; };
		AEFC48A32B28FC7E00F6131A /* CreateAccountViewController.swift */ = {isa = PBXFileReference; lastKnownFileType = sourcecode.swift; path = CreateAccountViewController.swift; sourceTree = "<group>"; };
		AEFC48B02B2A2F8300F6131A /* GoogleService-Info.plist */ = {isa = PBXFileReference; fileEncoding = 4; lastKnownFileType = text.plist.xml; path = "GoogleService-Info.plist"; sourceTree = "<group>"; };
		AEFC48B72B2A4A7100F6131A /* LoginWithGoogle.swift */ = {isa = PBXFileReference; lastKnownFileType = sourcecode.swift; path = LoginWithGoogle.swift; sourceTree = "<group>"; };
/* End PBXFileReference section */

/* Begin PBXFrameworksBuildPhase section */
		AEFC48692B28F18100F6131A /* Frameworks */ = {
			isa = PBXFrameworksBuildPhase;
			buildActionMask = 2147483647;
			files = (
				AEA89A9F2B44CDE7006C156E /* FirebaseDatabaseSwift in Frameworks */,
				AEA89A932B44CDE7006C156E /* FirebaseAnalyticsSwift in Frameworks */,
				AEA89A952B44CDE7006C156E /* FirebaseAnalyticsWithoutAdIdSupport in Frameworks */,
				AEA89A8F2B44CDE7006C156E /* FirebaseAnalytics in Frameworks */,
				AEA89A9D2B44CDE7006C156E /* FirebaseCrashlytics in Frameworks */,
				AEFC48B42B2A326A00F6131A /* GoogleSignIn in Frameworks */,
				AEA89A9B2B44CDE7006C156E /* FirebaseAuthCombine-Community in Frameworks */,
				AEFC48A92B292F4D00F6131A /* FirebaseDatabase in Frameworks */,
				AEFC48AD2B292F4D00F6131A /* FirebaseStorage in Frameworks */,
				AEFC48B62B2A326A00F6131A /* GoogleSignInSwift in Frameworks */,
				AEFC48A72B292F4D00F6131A /* FirebaseAuth in Frameworks */,
				AEA89AA12B44CDE7006C156E /* FirebaseDynamicLinks in Frameworks */,
				AEFC48AB2B292F4D00F6131A /* FirebaseFirestore in Frameworks */,
				AEA89A912B44CDE7006C156E /* FirebaseAnalyticsOnDeviceConversion in Frameworks */,
				AEA89A972B44CDE7006C156E /* FirebaseAppCheck in Frameworks */,
				AEA89A992B44CDE7006C156E /* FirebaseAppDistribution-Beta in Frameworks */,
			);
			runOnlyForDeploymentPostprocessing = 0;
		};
		AEFC487F2B28F18200F6131A /* Frameworks */ = {
			isa = PBXFrameworksBuildPhase;
			buildActionMask = 2147483647;
			files = (
			);
			runOnlyForDeploymentPostprocessing = 0;
		};
		AEFC48892B28F18200F6131A /* Frameworks */ = {
			isa = PBXFrameworksBuildPhase;
			buildActionMask = 2147483647;
			files = (
			);
			runOnlyForDeploymentPostprocessing = 0;
		};
/* End PBXFrameworksBuildPhase section */

/* Begin PBXGroup section */
		AEFC48632B28F18100F6131A = {
			isa = PBXGroup;
			children = (
				AEFC486E2B28F18100F6131A /* Dream App */,
				AEFC48852B28F18200F6131A /* Dream AppTests */,
				AEFC488F2B28F18200F6131A /* Dream AppUITests */,
				AEFC486D2B28F18100F6131A /* Products */,
			);
			sourceTree = "<group>";
		};
		AEFC486D2B28F18100F6131A /* Products */ = {
			isa = PBXGroup;
			children = (
				AEFC486C2B28F18100F6131A /* Dream App.app */,
				AEFC48822B28F18200F6131A /* Dream AppTests.xctest */,
				AEFC488C2B28F18200F6131A /* Dream AppUITests.xctest */,
			);
			name = Products;
			sourceTree = "<group>";
		};
		AEFC486E2B28F18100F6131A /* Dream App */ = {
			isa = PBXGroup;
			children = (
				AEFC486F2B28F18100F6131A /* AppDelegate.swift */,
				AEFC48712B28F18100F6131A /* SceneDelegate.swift */,
				AEFC48732B28F18100F6131A /* ViewController.swift */,
				AEFC48752B28F18100F6131A /* Main.storyboard */,
				AEFC48782B28F18200F6131A /* Assets.xcassets */,
				AEFC487A2B28F18200F6131A /* LaunchScreen.storyboard */,
				AEFC487D2B28F18200F6131A /* Info.plist */,
				AEFC48A12B28F6FB00F6131A /* LoginViewController.swift */,
				AEFC48A32B28FC7E00F6131A /* CreateAccountViewController.swift */,
				AEFC48B02B2A2F8300F6131A /* GoogleService-Info.plist */,
				AEFC48B72B2A4A7100F6131A /* LoginWithGoogle.swift */,
				AEA89A822B40C349006C156E /* CreateNewDreamViewController.swift */,
				AEA89A842B40C87E006C156E /* AlarmViewController.swift */,
				AEA89A862B40E653006C156E /* DreamJournalViewController.swift */,
				AEA89A882B43F265006C156E /* SettingsViewController.swift */,
				AEA89A8C2B43F7A4006C156E /* TabBarController.swift */,
			);
			path = "Dream App";
			sourceTree = "<group>";
		};
		AEFC48852B28F18200F6131A /* Dream AppTests */ = {
			isa = PBXGroup;
			children = (
				AEFC48862B28F18200F6131A /* Dream_AppTests.swift */,
			);
			path = "Dream AppTests";
			sourceTree = "<group>";
		};
		AEFC488F2B28F18200F6131A /* Dream AppUITests */ = {
			isa = PBXGroup;
			children = (
				AEFC48902B28F18200F6131A /* Dream_AppUITests.swift */,
				AEFC48922B28F18200F6131A /* Dream_AppUITestsLaunchTests.swift */,
			);
			path = "Dream AppUITests";
			sourceTree = "<group>";
		};
/* End PBXGroup section */

/* Begin PBXNativeTarget section */
		AEFC486B2B28F18100F6131A /* Dream App */ = {
			isa = PBXNativeTarget;
			buildConfigurationList = AEFC48962B28F18200F6131A /* Build configuration list for PBXNativeTarget "Dream App" */;
			buildPhases = (
				AEFC48682B28F18100F6131A /* Sources */,
				AEFC48692B28F18100F6131A /* Frameworks */,
				AEFC486A2B28F18100F6131A /* Resources */,
			);
			buildRules = (
			);
			dependencies = (
			);
			name = "Dream App";
			packageProductDependencies = (
				AEFC48A62B292F4D00F6131A /* FirebaseAuth */,
				AEFC48A82B292F4D00F6131A /* FirebaseDatabase */,
				AEFC48AA2B292F4D00F6131A /* FirebaseFirestore */,
				AEFC48AC2B292F4D00F6131A /* FirebaseStorage */,
				AEFC48B32B2A326A00F6131A /* GoogleSignIn */,
				AEFC48B52B2A326A00F6131A /* GoogleSignInSwift */,
				AEA89A8E2B44CDE7006C156E /* FirebaseAnalytics */,
				AEA89A902B44CDE7006C156E /* FirebaseAnalyticsOnDeviceConversion */,
				AEA89A922B44CDE7006C156E /* FirebaseAnalyticsSwift */,
				AEA89A942B44CDE7006C156E /* FirebaseAnalyticsWithoutAdIdSupport */,
				AEA89A962B44CDE7006C156E /* FirebaseAppCheck */,
				AEA89A982B44CDE7006C156E /* FirebaseAppDistribution-Beta */,
				AEA89A9A2B44CDE7006C156E /* FirebaseAuthCombine-Community */,
				AEA89A9C2B44CDE7006C156E /* FirebaseCrashlytics */,
				AEA89A9E2B44CDE7006C156E /* FirebaseDatabaseSwift */,
				AEA89AA02B44CDE7006C156E /* FirebaseDynamicLinks */,
			);
			productName = "Dream App";
			productReference = AEFC486C2B28F18100F6131A /* Dream App.app */;
			productType = "com.apple.product-type.application";
		};
		AEFC48812B28F18200F6131A /* Dream AppTests */ = {
			isa = PBXNativeTarget;
			buildConfigurationList = AEFC48992B28F18200F6131A /* Build configuration list for PBXNativeTarget "Dream AppTests" */;
			buildPhases = (
				AEFC487E2B28F18200F6131A /* Sources */,
				AEFC487F2B28F18200F6131A /* Frameworks */,
				AEFC48802B28F18200F6131A /* Resources */,
			);
			buildRules = (
			);
			dependencies = (
				AEFC48842B28F18200F6131A /* PBXTargetDependency */,
			);
			name = "Dream AppTests";
			productName = "Dream AppTests";
			productReference = AEFC48822B28F18200F6131A /* Dream AppTests.xctest */;
			productType = "com.apple.product-type.bundle.unit-test";
		};
		AEFC488B2B28F18200F6131A /* Dream AppUITests */ = {
			isa = PBXNativeTarget;
			buildConfigurationList = AEFC489C2B28F18200F6131A /* Build configuration list for PBXNativeTarget "Dream AppUITests" */;
			buildPhases = (
				AEFC48882B28F18200F6131A /* Sources */,
				AEFC48892B28F18200F6131A /* Frameworks */,
				AEFC488A2B28F18200F6131A /* Resources */,
			);
			buildRules = (
			);
			dependencies = (
				AEFC488E2B28F18200F6131A /* PBXTargetDependency */,
			);
			name = "Dream AppUITests";
			productName = "Dream AppUITests";
			productReference = AEFC488C2B28F18200F6131A /* Dream AppUITests.xctest */;
			productType = "com.apple.product-type.bundle.ui-testing";
		};
/* End PBXNativeTarget section */

/* Begin PBXProject section */
		AEFC48642B28F18100F6131A /* Project object */ = {
			isa = PBXProject;
			attributes = {
				BuildIndependentTargetsInParallel = 1;
				LastSwiftUpdateCheck = 1500;
				LastUpgradeCheck = 1500;
				TargetAttributes = {
					AEFC486B2B28F18100F6131A = {
						CreatedOnToolsVersion = 15.0;
					};
					AEFC48812B28F18200F6131A = {
						CreatedOnToolsVersion = 15.0;
						TestTargetID = AEFC486B2B28F18100F6131A;
					};
					AEFC488B2B28F18200F6131A = {
						CreatedOnToolsVersion = 15.0;
						TestTargetID = AEFC486B2B28F18100F6131A;
					};
				};
			};
			buildConfigurationList = AEFC48672B28F18100F6131A /* Build configuration list for PBXProject "Dream App" */;
			compatibilityVersion = "Xcode 14.0";
			developmentRegion = en;
			hasScannedForEncodings = 0;
			knownRegions = (
				en,
				Base,
			);
			mainGroup = AEFC48632B28F18100F6131A;
			packageReferences = (
				AEFC48A52B292F4D00F6131A /* XCRemoteSwiftPackageReference "firebase-ios-sdk" */,
				AEFC48B22B2A326A00F6131A /* XCRemoteSwiftPackageReference "GoogleSignIn-iOS" */,
			);
			productRefGroup = AEFC486D2B28F18100F6131A /* Products */;
			projectDirPath = "";
			projectRoot = "";
			targets = (
				AEFC486B2B28F18100F6131A /* Dream App */,
				AEFC48812B28F18200F6131A /* Dream AppTests */,
				AEFC488B2B28F18200F6131A /* Dream AppUITests */,
			);
		};
/* End PBXProject section */

/* Begin PBXResourcesBuildPhase section */
		AEFC486A2B28F18100F6131A /* Resources */ = {
			isa = PBXResourcesBuildPhase;
			buildActionMask = 2147483647;
			files = (
				AEFC487C2B28F18200F6131A /* LaunchScreen.storyboard in Resources */,
				AEFC48B12B2A2F8300F6131A /* GoogleService-Info.plist in Resources */,
				AEFC48792B28F18200F6131A /* Assets.xcassets in Resources */,
				AEFC48772B28F18100F6131A /* Main.storyboard in Resources */,
			);
			runOnlyForDeploymentPostprocessing = 0;
		};
		AEFC48802B28F18200F6131A /* Resources */ = {
			isa = PBXResourcesBuildPhase;
			buildActionMask = 2147483647;
			files = (
			);
			runOnlyForDeploymentPostprocessing = 0;
		};
		AEFC488A2B28F18200F6131A /* Resources */ = {
			isa = PBXResourcesBuildPhase;
			buildActionMask = 2147483647;
			files = (
			);
			runOnlyForDeploymentPostprocessing = 0;
		};
/* End PBXResourcesBuildPhase section */

/* Begin PBXSourcesBuildPhase section */
		AEFC48682B28F18100F6131A /* Sources */ = {
			isa = PBXSourcesBuildPhase;
			buildActionMask = 2147483647;
			files = (
				AEA89A852B40C87E006C156E /* AlarmViewController.swift in Sources */,
				AEA89A872B40E653006C156E /* DreamJournalViewController.swift in Sources */,
				AEA89A8D2B43F7A4006C156E /* TabBarController.swift in Sources */,
				AEFC48B82B2A4A7100F6131A /* LoginWithGoogle.swift in Sources */,
				AEA89A892B43F265006C156E /* SettingsViewController.swift in Sources */,
				AEFC48A42B28FC7E00F6131A /* CreateAccountViewController.swift in Sources */,
				AEFC48A22B28F6FB00F6131A /* LoginViewController.swift in Sources */,
				AEFC48742B28F18100F6131A /* ViewController.swift in Sources */,
				AEFC48702B28F18100F6131A /* AppDelegate.swift in Sources */,
				AEFC48722B28F18100F6131A /* SceneDelegate.swift in Sources */,
				AEA89A832B40C349006C156E /* CreateNewDreamViewController.swift in Sources */,
			);
			runOnlyForDeploymentPostprocessing = 0;
		};
		AEFC487E2B28F18200F6131A /* Sources */ = {
			isa = PBXSourcesBuildPhase;
			buildActionMask = 2147483647;
			files = (
				AEFC48872B28F18200F6131A /* Dream_AppTests.swift in Sources */,
			);
			runOnlyForDeploymentPostprocessing = 0;
		};
		AEFC48882B28F18200F6131A /* Sources */ = {
			isa = PBXSourcesBuildPhase;
			buildActionMask = 2147483647;
			files = (
				AEFC48932B28F18200F6131A /* Dream_AppUITestsLaunchTests.swift in Sources */,
				AEFC48912B28F18200F6131A /* Dream_AppUITests.swift in Sources */,
			);
			runOnlyForDeploymentPostprocessing = 0;
		};
/* End PBXSourcesBuildPhase section */

/* Begin PBXTargetDependency section */
		AEFC48842B28F18200F6131A /* PBXTargetDependency */ = {
			isa = PBXTargetDependency;
			target = AEFC486B2B28F18100F6131A /* Dream App */;
			targetProxy = AEFC48832B28F18200F6131A /* PBXContainerItemProxy */;
		};
		AEFC488E2B28F18200F6131A /* PBXTargetDependency */ = {
			isa = PBXTargetDependency;
			target = AEFC486B2B28F18100F6131A /* Dream App */;
			targetProxy = AEFC488D2B28F18200F6131A /* PBXContainerItemProxy */;
		};
/* End PBXTargetDependency section */

/* Begin PBXVariantGroup section */
		AEFC48752B28F18100F6131A /* Main.storyboard */ = {
			isa = PBXVariantGroup;
			children = (
				AEFC48762B28F18100F6131A /* Base */,
			);
			name = Main.storyboard;
			sourceTree = "<group>";
		};
		AEFC487A2B28F18200F6131A /* LaunchScreen.storyboard */ = {
			isa = PBXVariantGroup;
			children = (
				AEFC487B2B28F18200F6131A /* Base */,
			);
			name = LaunchScreen.storyboard;
			sourceTree = "<group>";
		};
/* End PBXVariantGroup section */

/* Begin XCBuildConfiguration section */
		AEFC48942B28F18200F6131A /* Debug */ = {
			isa = XCBuildConfiguration;
			buildSettings = {
				ALWAYS_SEARCH_USER_PATHS = NO;
				ASSETCATALOG_COMPILER_GENERATE_SWIFT_ASSET_SYMBOL_EXTENSIONS = YES;
				CLANG_ANALYZER_NONNULL = YES;
				CLANG_ANALYZER_NUMBER_OBJECT_CONVERSION = YES_AGGRESSIVE;
				CLANG_CXX_LANGUAGE_STANDARD = "gnu++20";
				CLANG_ENABLE_MODULES = YES;
				CLANG_ENABLE_OBJC_ARC = YES;
				CLANG_ENABLE_OBJC_WEAK = YES;
				CLANG_WARN_BLOCK_CAPTURE_AUTORELEASING = YES;
				CLANG_WARN_BOOL_CONVERSION = YES;
				CLANG_WARN_COMMA = YES;
				CLANG_WARN_CONSTANT_CONVERSION = YES;
				CLANG_WARN_DEPRECATED_OBJC_IMPLEMENTATIONS = YES;
				CLANG_WARN_DIRECT_OBJC_ISA_USAGE = YES_ERROR;
				CLANG_WARN_DOCUMENTATION_COMMENTS = YES;
				CLANG_WARN_EMPTY_BODY = YES;
				CLANG_WARN_ENUM_CONVERSION = YES;
				CLANG_WARN_INFINITE_RECURSION = YES;
				CLANG_WARN_INT_CONVERSION = YES;
				CLANG_WARN_NON_LITERAL_NULL_CONVERSION = YES;
				CLANG_WARN_OBJC_IMPLICIT_RETAIN_SELF = YES;
				CLANG_WARN_OBJC_LITERAL_CONVERSION = YES;
				CLANG_WARN_OBJC_ROOT_CLASS = YES_ERROR;
				CLANG_WARN_QUOTED_INCLUDE_IN_FRAMEWORK_HEADER = YES;
				CLANG_WARN_RANGE_LOOP_ANALYSIS = YES;
				CLANG_WARN_STRICT_PROTOTYPES = YES;
				CLANG_WARN_SUSPICIOUS_MOVE = YES;
				CLANG_WARN_UNGUARDED_AVAILABILITY = YES_AGGRESSIVE;
				CLANG_WARN_UNREACHABLE_CODE = YES;
				CLANG_WARN__DUPLICATE_METHOD_MATCH = YES;
				COPY_PHASE_STRIP = NO;
				DEBUG_INFORMATION_FORMAT = dwarf;
				ENABLE_STRICT_OBJC_MSGSEND = YES;
				ENABLE_TESTABILITY = YES;
				ENABLE_USER_SCRIPT_SANDBOXING = YES;
				GCC_C_LANGUAGE_STANDARD = gnu17;
				GCC_DYNAMIC_NO_PIC = NO;
				GCC_NO_COMMON_BLOCKS = YES;
				GCC_OPTIMIZATION_LEVEL = 0;
				GCC_PREPROCESSOR_DEFINITIONS = (
					"DEBUG=1",
					"$(inherited)",
				);
				GCC_WARN_64_TO_32_BIT_CONVERSION = YES;
				GCC_WARN_ABOUT_RETURN_TYPE = YES_ERROR;
				GCC_WARN_UNDECLARED_SELECTOR = YES;
				GCC_WARN_UNINITIALIZED_AUTOS = YES_AGGRESSIVE;
				GCC_WARN_UNUSED_FUNCTION = YES;
				GCC_WARN_UNUSED_VARIABLE = YES;
				IPHONEOS_DEPLOYMENT_TARGET = 17.0;
				LOCALIZATION_PREFERS_STRING_CATALOGS = YES;
				MTL_ENABLE_DEBUG_INFO = INCLUDE_SOURCE;
				MTL_FAST_MATH = YES;
				ONLY_ACTIVE_ARCH = YES;
				SDKROOT = iphoneos;
				SWIFT_ACTIVE_COMPILATION_CONDITIONS = "DEBUG $(inherited)";
				SWIFT_OPTIMIZATION_LEVEL = "-Onone";
			};
			name = Debug;
		};
		AEFC48952B28F18200F6131A /* Release */ = {
			isa = XCBuildConfiguration;
			buildSettings = {
				ALWAYS_SEARCH_USER_PATHS = NO;
				ASSETCATALOG_COMPILER_GENERATE_SWIFT_ASSET_SYMBOL_EXTENSIONS = YES;
				CLANG_ANALYZER_NONNULL = YES;
				CLANG_ANALYZER_NUMBER_OBJECT_CONVERSION = YES_AGGRESSIVE;
				CLANG_CXX_LANGUAGE_STANDARD = "gnu++20";
				CLANG_ENABLE_MODULES = YES;
				CLANG_ENABLE_OBJC_ARC = YES;
				CLANG_ENABLE_OBJC_WEAK = YES;
				CLANG_WARN_BLOCK_CAPTURE_AUTORELEASING = YES;
				CLANG_WARN_BOOL_CONVERSION = YES;
				CLANG_WARN_COMMA = YES;
				CLANG_WARN_CONSTANT_CONVERSION = YES;
				CLANG_WARN_DEPRECATED_OBJC_IMPLEMENTATIONS = YES;
				CLANG_WARN_DIRECT_OBJC_ISA_USAGE = YES_ERROR;
				CLANG_WARN_DOCUMENTATION_COMMENTS = YES;
				CLANG_WARN_EMPTY_BODY = YES;
				CLANG_WARN_ENUM_CONVERSION = YES;
				CLANG_WARN_INFINITE_RECURSION = YES;
				CLANG_WARN_INT_CONVERSION = YES;
				CLANG_WARN_NON_LITERAL_NULL_CONVERSION = YES;
				CLANG_WARN_OBJC_IMPLICIT_RETAIN_SELF = YES;
				CLANG_WARN_OBJC_LITERAL_CONVERSION = YES;
				CLANG_WARN_OBJC_ROOT_CLASS = YES_ERROR;
				CLANG_WARN_QUOTED_INCLUDE_IN_FRAMEWORK_HEADER = YES;
				CLANG_WARN_RANGE_LOOP_ANALYSIS = YES;
				CLANG_WARN_STRICT_PROTOTYPES = YES;
				CLANG_WARN_SUSPICIOUS_MOVE = YES;
				CLANG_WARN_UNGUARDED_AVAILABILITY = YES_AGGRESSIVE;
				CLANG_WARN_UNREACHABLE_CODE = YES;
				CLANG_WARN__DUPLICATE_METHOD_MATCH = YES;
				COPY_PHASE_STRIP = NO;
				DEBUG_INFORMATION_FORMAT = "dwarf-with-dsym";
				ENABLE_NS_ASSERTIONS = NO;
				ENABLE_STRICT_OBJC_MSGSEND = YES;
				ENABLE_USER_SCRIPT_SANDBOXING = YES;
				GCC_C_LANGUAGE_STANDARD = gnu17;
				GCC_NO_COMMON_BLOCKS = YES;
				GCC_WARN_64_TO_32_BIT_CONVERSION = YES;
				GCC_WARN_ABOUT_RETURN_TYPE = YES_ERROR;
				GCC_WARN_UNDECLARED_SELECTOR = YES;
				GCC_WARN_UNINITIALIZED_AUTOS = YES_AGGRESSIVE;
				GCC_WARN_UNUSED_FUNCTION = YES;
				GCC_WARN_UNUSED_VARIABLE = YES;
				IPHONEOS_DEPLOYMENT_TARGET = 17.0;
				LOCALIZATION_PREFERS_STRING_CATALOGS = YES;
				MTL_ENABLE_DEBUG_INFO = NO;
				MTL_FAST_MATH = YES;
				SDKROOT = iphoneos;
				SWIFT_COMPILATION_MODE = wholemodule;
				VALIDATE_PRODUCT = YES;
			};
			name = Release;
		};
		AEFC48972B28F18200F6131A /* Debug */ = {
			isa = XCBuildConfiguration;
			buildSettings = {
				ASSETCATALOG_COMPILER_APPICON_NAME = AppIcon;
				ASSETCATALOG_COMPILER_GLOBAL_ACCENT_COLOR_NAME = AccentColor;
				CODE_SIGN_STYLE = Automatic;
				CURRENT_PROJECT_VERSION = 1;
				GENERATE_INFOPLIST_FILE = YES;
				INFOPLIST_FILE = "Dream App/Info.plist";
				INFOPLIST_KEY_UIApplicationSupportsIndirectInputEvents = YES;
				INFOPLIST_KEY_UILaunchStoryboardName = LaunchScreen;
				INFOPLIST_KEY_UIMainStoryboardFile = Main;
				INFOPLIST_KEY_UISupportedInterfaceOrientations_iPad = "UIInterfaceOrientationPortrait UIInterfaceOrientationPortraitUpsideDown UIInterfaceOrientationLandscapeLeft UIInterfaceOrientationLandscapeRight";
				INFOPLIST_KEY_UISupportedInterfaceOrientations_iPhone = "UIInterfaceOrientationPortrait UIInterfaceOrientationLandscapeLeft UIInterfaceOrientationLandscapeRight";
				LD_RUNPATH_SEARCH_PATHS = (
					"$(inherited)",
					"@executable_path/Frameworks",
				);
				MARKETING_VERSION = 1.0;
				PRODUCT_BUNDLE_IDENTIFIER = "Vindel.Dream-App";
				PRODUCT_NAME = "$(TARGET_NAME)";
				SWIFT_EMIT_LOC_STRINGS = YES;
				SWIFT_VERSION = 5.0;
				TARGETED_DEVICE_FAMILY = "1,2";
			};
			name = Debug;
		};
		AEFC48982B28F18200F6131A /* Release */ = {
			isa = XCBuildConfiguration;
			buildSettings = {
				ASSETCATALOG_COMPILER_APPICON_NAME = AppIcon;
				ASSETCATALOG_COMPILER_GLOBAL_ACCENT_COLOR_NAME = AccentColor;
				CODE_SIGN_STYLE = Automatic;
				CURRENT_PROJECT_VERSION = 1;
				GENERATE_INFOPLIST_FILE = YES;
				INFOPLIST_FILE = "Dream App/Info.plist";
				INFOPLIST_KEY_UIApplicationSupportsIndirectInputEvents = YES;
				INFOPLIST_KEY_UILaunchStoryboardName = LaunchScreen;
				INFOPLIST_KEY_UIMainStoryboardFile = Main;
				INFOPLIST_KEY_UISupportedInterfaceOrientations_iPad = "UIInterfaceOrientationPortrait UIInterfaceOrientationPortraitUpsideDown UIInterfaceOrientationLandscapeLeft UIInterfaceOrientationLandscapeRight";
				INFOPLIST_KEY_UISupportedInterfaceOrientations_iPhone = "UIInterfaceOrientationPortrait UIInterfaceOrientationLandscapeLeft UIInterfaceOrientationLandscapeRight";
				LD_RUNPATH_SEARCH_PATHS = (
					"$(inherited)",
					"@executable_path/Frameworks",
				);
				MARKETING_VERSION = 1.0;
				PRODUCT_BUNDLE_IDENTIFIER = "Vindel.Dream-App";
				PRODUCT_NAME = "$(TARGET_NAME)";
				SWIFT_EMIT_LOC_STRINGS = YES;
				SWIFT_VERSION = 5.0;
				TARGETED_DEVICE_FAMILY = "1,2";
			};
			name = Release;
		};
		AEFC489A2B28F18200F6131A /* Debug */ = {
			isa = XCBuildConfiguration;
			buildSettings = {
				ALWAYS_EMBED_SWIFT_STANDARD_LIBRARIES = YES;
				BUNDLE_LOADER = "$(TEST_HOST)";
				CODE_SIGN_STYLE = Automatic;
				CURRENT_PROJECT_VERSION = 1;
				GENERATE_INFOPLIST_FILE = YES;
				IPHONEOS_DEPLOYMENT_TARGET = 17.0;
				MARKETING_VERSION = 1.0;
				PRODUCT_BUNDLE_IDENTIFIER = "Vindel.Dream-AppTests";
				PRODUCT_NAME = "$(TARGET_NAME)";
				SWIFT_EMIT_LOC_STRINGS = NO;
				SWIFT_VERSION = 5.0;
				TARGETED_DEVICE_FAMILY = "1,2";
				TEST_HOST = "$(BUILT_PRODUCTS_DIR)/Dream App.app/$(BUNDLE_EXECUTABLE_FOLDER_PATH)/Dream App";
			};
			name = Debug;
		};
		AEFC489B2B28F18200F6131A /* Release */ = {
			isa = XCBuildConfiguration;
			buildSettings = {
				ALWAYS_EMBED_SWIFT_STANDARD_LIBRARIES = YES;
				BUNDLE_LOADER = "$(TEST_HOST)";
				CODE_SIGN_STYLE = Automatic;
				CURRENT_PROJECT_VERSION = 1;
				GENERATE_INFOPLIST_FILE = YES;
				IPHONEOS_DEPLOYMENT_TARGET = 17.0;
				MARKETING_VERSION = 1.0;
				PRODUCT_BUNDLE_IDENTIFIER = "Vindel.Dream-AppTests";
				PRODUCT_NAME = "$(TARGET_NAME)";
				SWIFT_EMIT_LOC_STRINGS = NO;
				SWIFT_VERSION = 5.0;
				TARGETED_DEVICE_FAMILY = "1,2";
				TEST_HOST = "$(BUILT_PRODUCTS_DIR)/Dream App.app/$(BUNDLE_EXECUTABLE_FOLDER_PATH)/Dream App";
			};
			name = Release;
		};
		AEFC489D2B28F18200F6131A /* Debug */ = {
			isa = XCBuildConfiguration;
			buildSettings = {
				ALWAYS_EMBED_SWIFT_STANDARD_LIBRARIES = YES;
				CODE_SIGN_STYLE = Automatic;
				CURRENT_PROJECT_VERSION = 1;
				GENERATE_INFOPLIST_FILE = YES;
				MARKETING_VERSION = 1.0;
				PRODUCT_BUNDLE_IDENTIFIER = "Vindel.Dream-AppUITests";
				PRODUCT_NAME = "$(TARGET_NAME)";
				SWIFT_EMIT_LOC_STRINGS = NO;
				SWIFT_VERSION = 5.0;
				TARGETED_DEVICE_FAMILY = "1,2";
				TEST_TARGET_NAME = "Dream App";
			};
			name = Debug;
		};
		AEFC489E2B28F18200F6131A /* Release */ = {
			isa = XCBuildConfiguration;
			buildSettings = {
				ALWAYS_EMBED_SWIFT_STANDARD_LIBRARIES = YES;
				CODE_SIGN_STYLE = Automatic;
				CURRENT_PROJECT_VERSION = 1;
				GENERATE_INFOPLIST_FILE = YES;
				MARKETING_VERSION = 1.0;
				PRODUCT_BUNDLE_IDENTIFIER = "Vindel.Dream-AppUITests";
				PRODUCT_NAME = "$(TARGET_NAME)";
				SWIFT_EMIT_LOC_STRINGS = NO;
				SWIFT_VERSION = 5.0;
				TARGETED_DEVICE_FAMILY = "1,2";
				TEST_TARGET_NAME = "Dream App";
			};
			name = Release;
		};
/* End XCBuildConfiguration section */

/* Begin XCConfigurationList section */
		AEFC48672B28F18100F6131A /* Build configuration list for PBXProject "Dream App" */ = {
			isa = XCConfigurationList;
			buildConfigurations = (
				AEFC48942B28F18200F6131A /* Debug */,
				AEFC48952B28F18200F6131A /* Release */,
			);
			defaultConfigurationIsVisible = 0;
			defaultConfigurationName = Release;
		};
		AEFC48962B28F18200F6131A /* Build configuration list for PBXNativeTarget "Dream App" */ = {
			isa = XCConfigurationList;
			buildConfigurations = (
				AEFC48972B28F18200F6131A /* Debug */,
				AEFC48982B28F18200F6131A /* Release */,
			);
			defaultConfigurationIsVisible = 0;
			defaultConfigurationName = Release;
		};
		AEFC48992B28F18200F6131A /* Build configuration list for PBXNativeTarget "Dream AppTests" */ = {
			isa = XCConfigurationList;
			buildConfigurations = (
				AEFC489A2B28F18200F6131A /* Debug */,
				AEFC489B2B28F18200F6131A /* Release */,
			);
			defaultConfigurationIsVisible = 0;
			defaultConfigurationName = Release;
		};
		AEFC489C2B28F18200F6131A /* Build configuration list for PBXNativeTarget "Dream AppUITests" */ = {
			isa = XCConfigurationList;
			buildConfigurations = (
				AEFC489D2B28F18200F6131A /* Debug */,
				AEFC489E2B28F18200F6131A /* Release */,
			);
			defaultConfigurationIsVisible = 0;
			defaultConfigurationName = Release;
		};
/* End XCConfigurationList section */

/* Begin XCRemoteSwiftPackageReference section */
		AEFC48A52B292F4D00F6131A /* XCRemoteSwiftPackageReference "firebase-ios-sdk" */ = {
			isa = XCRemoteSwiftPackageReference;
			repositoryURL = "https://github.com/firebase/firebase-ios-sdk";
			requirement = {
				kind = upToNextMajorVersion;
				minimumVersion = 10.19.0;
			};
		};
		AEFC48B22B2A326A00F6131A /* XCRemoteSwiftPackageReference "GoogleSignIn-iOS" */ = {
			isa = XCRemoteSwiftPackageReference;
			repositoryURL = "https://github.com/google/GoogleSignIn-iOS";
			requirement = {
				kind = upToNextMajorVersion;
				minimumVersion = 7.0.0;
			};
		};
/* End XCRemoteSwiftPackageReference section */

/* Begin XCSwiftPackageProductDependency section */
		AEA89A8E2B44CDE7006C156E /* FirebaseAnalytics */ = {
			isa = XCSwiftPackageProductDependency;
			package = AEFC48A52B292F4D00F6131A /* XCRemoteSwiftPackageReference "firebase-ios-sdk" */;
			productName = FirebaseAnalytics;
		};
		AEA89A902B44CDE7006C156E /* FirebaseAnalyticsOnDeviceConversion */ = {
			isa = XCSwiftPackageProductDependency;
			package = AEFC48A52B292F4D00F6131A /* XCRemoteSwiftPackageReference "firebase-ios-sdk" */;
			productName = FirebaseAnalyticsOnDeviceConversion;
		};
		AEA89A922B44CDE7006C156E /* FirebaseAnalyticsSwift */ = {
			isa = XCSwiftPackageProductDependency;
			package = AEFC48A52B292F4D00F6131A /* XCRemoteSwiftPackageReference "firebase-ios-sdk" */;
			productName = FirebaseAnalyticsSwift;
		};
		AEA89A942B44CDE7006C156E /* FirebaseAnalyticsWithoutAdIdSupport */ = {
			isa = XCSwiftPackageProductDependency;
			package = AEFC48A52B292F4D00F6131A /* XCRemoteSwiftPackageReference "firebase-ios-sdk" */;
			productName = FirebaseAnalyticsWithoutAdIdSupport;
		};
		AEA89A962B44CDE7006C156E /* FirebaseAppCheck */ = {
			isa = XCSwiftPackageProductDependency;
			package = AEFC48A52B292F4D00F6131A /* XCRemoteSwiftPackageReference "firebase-ios-sdk" */;
			productName = FirebaseAppCheck;
		};
		AEA89A982B44CDE7006C156E /* FirebaseAppDistribution-Beta */ = {
			isa = XCSwiftPackageProductDependency;
			package = AEFC48A52B292F4D00F6131A /* XCRemoteSwiftPackageReference "firebase-ios-sdk" */;
			productName = "FirebaseAppDistribution-Beta";
		};
		AEA89A9A2B44CDE7006C156E /* FirebaseAuthCombine-Community */ = {
			isa = XCSwiftPackageProductDependency;
			package = AEFC48A52B292F4D00F6131A /* XCRemoteSwiftPackageReference "firebase-ios-sdk" */;
			productName = "FirebaseAuthCombine-Community";
		};
		AEA89A9C2B44CDE7006C156E /* FirebaseCrashlytics */ = {
			isa = XCSwiftPackageProductDependency;
			package = AEFC48A52B292F4D00F6131A /* XCRemoteSwiftPackageReference "firebase-ios-sdk" */;
			productName = FirebaseCrashlytics;
		};
		AEA89A9E2B44CDE7006C156E /* FirebaseDatabaseSwift */ = {
			isa = XCSwiftPackageProductDependency;
			package = AEFC48A52B292F4D00F6131A /* XCRemoteSwiftPackageReference "firebase-ios-sdk" */;
			productName = FirebaseDatabaseSwift;
		};
		AEA89AA02B44CDE7006C156E /* FirebaseDynamicLinks */ = {
			isa = XCSwiftPackageProductDependency;
			package = AEFC48A52B292F4D00F6131A /* XCRemoteSwiftPackageReference "firebase-ios-sdk" */;
			productName = FirebaseDynamicLinks;
		};
		AEFC48A62B292F4D00F6131A /* FirebaseAuth */ = {
			isa = XCSwiftPackageProductDependency;
			package = AEFC48A52B292F4D00F6131A /* XCRemoteSwiftPackageReference "firebase-ios-sdk" */;
			productName = FirebaseAuth;
		};
		AEFC48A82B292F4D00F6131A /* FirebaseDatabase */ = {
			isa = XCSwiftPackageProductDependency;
			package = AEFC48A52B292F4D00F6131A /* XCRemoteSwiftPackageReference "firebase-ios-sdk" */;
			productName = FirebaseDatabase;
		};
		AEFC48AA2B292F4D00F6131A /* FirebaseFirestore */ = {
			isa = XCSwiftPackageProductDependency;
			package = AEFC48A52B292F4D00F6131A /* XCRemoteSwiftPackageReference "firebase-ios-sdk" */;
			productName = FirebaseFirestore;
		};
		AEFC48AC2B292F4D00F6131A /* FirebaseStorage */ = {
			isa = XCSwiftPackageProductDependency;
			package = AEFC48A52B292F4D00F6131A /* XCRemoteSwiftPackageReference "firebase-ios-sdk" */;
			productName = FirebaseStorage;
		};
		AEFC48B32B2A326A00F6131A /* GoogleSignIn */ = {
			isa = XCSwiftPackageProductDependency;
			package = AEFC48B22B2A326A00F6131A /* XCRemoteSwiftPackageReference "GoogleSignIn-iOS" */;
			productName = GoogleSignIn;
		};
		AEFC48B52B2A326A00F6131A /* GoogleSignInSwift */ = {
			isa = XCSwiftPackageProductDependency;
			package = AEFC48B22B2A326A00F6131A /* XCRemoteSwiftPackageReference "GoogleSignIn-iOS" */;
			productName = GoogleSignInSwift;
		};
/* End XCSwiftPackageProductDependency section */
	};
	rootObject = AEFC48642B28F18100F6131A /* Project object */;
}
